{
  "name": "cornellgo",
  "version": "0.0.1",
  "lockfileVersion": 2,
  "requires": true,
  "packages": {
    "": {
      "name": "cornellgo",
      "version": "0.0.1",
      "license": "UNLICENSED",
      "dependencies": {
        "@prisma/client": "^5.9.1"
      },
      "devDependencies": {
        "prisma": "^5.9.1"
      }
    },
    "node_modules/@prisma/client": {
      "version": "5.9.1",
      "resolved": "https://registry.npmjs.org/@prisma/client/-/client-5.9.1.tgz",
      "integrity": "sha512-caSOnG4kxcSkhqC/2ShV7rEoWwd3XrftokxJqOCMVvia4NYV/TPtJlS9C2os3Igxw/Qyxumj9GBQzcStzECvtQ==",
      "hasInstallScript": true,
      "engines": {
        "node": ">=16.13"
      },
      "peerDependencies": {
        "prisma": "*"
      },
      "peerDependenciesMeta": {
        "prisma": {
          "optional": true
        }
      }
    },
    "node_modules/@prisma/debug": {
      "version": "5.9.1",
      "resolved": "https://registry.npmjs.org/@prisma/debug/-/debug-5.9.1.tgz",
      "integrity": "sha512-yAHFSFCg8KVoL0oRUno3m60GAjsUKYUDkQ+9BA2X2JfVR3kRVSJFc/GpQ2fSORi4pSHZR9orfM4UC9OVXIFFTA==",
      "devOptional": true
    },
    "node_modules/@prisma/engines": {
      "version": "5.9.1",
      "resolved": "https://registry.npmjs.org/@prisma/engines/-/engines-5.9.1.tgz",
      "integrity": "sha512-gkdXmjxQ5jktxWNdDA5aZZ6R8rH74JkoKq6LD5mACSvxd2vbqWeWIOV0Py5wFC8vofOYShbt6XUeCIUmrOzOnQ==",
      "devOptional": true,
      "hasInstallScript": true,
      "dependencies": {
        "@prisma/debug": "5.9.1",
        "@prisma/engines-version": "5.9.0-32.23fdc5965b1e05fc54e5f26ed3de66776b93de64",
        "@prisma/fetch-engine": "5.9.1",
        "@prisma/get-platform": "5.9.1"
      }
    },
    "node_modules/@prisma/engines-version": {
      "version": "5.9.0-32.23fdc5965b1e05fc54e5f26ed3de66776b93de64",
      "resolved": "https://registry.npmjs.org/@prisma/engines-version/-/engines-version-5.9.0-32.23fdc5965b1e05fc54e5f26ed3de66776b93de64.tgz",
      "integrity": "sha512-HFl7275yF0FWbdcNvcSRbbu9JCBSLMcurYwvWc8WGDnpu7APxQo2ONtZrUggU3WxLxUJ2uBX+0GOFIcJeVeOOQ==",
      "devOptional": true
    },
    "node_modules/@prisma/fetch-engine": {
      "version": "5.9.1",
      "resolved": "https://registry.npmjs.org/@prisma/fetch-engine/-/fetch-engine-5.9.1.tgz",
      "integrity": "sha512-l0goQOMcNVOJs1kAcwqpKq3ylvkD9F04Ioe1oJoCqmz05mw22bNAKKGWuDd3zTUoUZr97va0c/UfLNru+PDmNA==",
      "devOptional": true,
      "dependencies": {
        "@prisma/debug": "5.9.1",
        "@prisma/engines-version": "5.9.0-32.23fdc5965b1e05fc54e5f26ed3de66776b93de64",
        "@prisma/get-platform": "5.9.1"
      }
    },
    "node_modules/@prisma/get-platform": {
      "version": "5.9.1",
      "resolved": "https://registry.npmjs.org/@prisma/get-platform/-/get-platform-5.9.1.tgz",
      "integrity": "sha512-6OQsNxTyhvG+T2Ksr8FPFpuPeL4r9u0JF0OZHUBI/Uy9SS43sPyAIutt4ZEAyqWQt104ERh70EZedkHZKsnNbg==",
      "devOptional": true,
      "dependencies": {
        "@prisma/debug": "5.9.1"
      }
    },
    "node_modules/prisma": {
      "version": "5.9.1",
      "resolved": "https://registry.npmjs.org/prisma/-/prisma-5.9.1.tgz",
      "integrity": "sha512-Hy/8KJZz0ELtkw4FnG9MS9rNWlXcJhf98Z2QMqi0QiVMoS8PzsBkpla0/Y5hTlob8F3HeECYphBjqmBxrluUrQ==",
      "devOptional": true,
      "hasInstallScript": true,
      "dependencies": {
        "@prisma/engines": "5.9.1"
      },
      "bin": {
        "prisma": "build/index.js"
      },
      "engines": {
        "node": ">=16.13"
      }
    }
  },
  "dependencies": {
    "@prisma/client": {
      "version": "5.9.1",
      "resolved": "https://registry.npmjs.org/@prisma/client/-/client-5.9.1.tgz",
      "integrity": "sha512-caSOnG4kxcSkhqC/2ShV7rEoWwd3XrftokxJqOCMVvia4NYV/TPtJlS9C2os3Igxw/Qyxumj9GBQzcStzECvtQ==",
      "requires": {}
    },
    "@prisma/debug": {
      "version": "5.9.1",
      "resolved": "https://registry.npmjs.org/@prisma/debug/-/debug-5.9.1.tgz",
      "integrity": "sha512-yAHFSFCg8KVoL0oRUno3m60GAjsUKYUDkQ+9BA2X2JfVR3kRVSJFc/GpQ2fSORi4pSHZR9orfM4UC9OVXIFFTA==",
      "devOptional": true
    },
    "@prisma/engines": {
      "version": "5.9.1",
      "resolved": "https://registry.npmjs.org/@prisma/engines/-/engines-5.9.1.tgz",
      "integrity": "sha512-gkdXmjxQ5jktxWNdDA5aZZ6R8rH74JkoKq6LD5mACSvxd2vbqWeWIOV0Py5wFC8vofOYShbt6XUeCIUmrOzOnQ==",
      "devOptional": true,
      "requires": {
        "@prisma/debug": "5.9.1",
        "@prisma/engines-version": "5.9.0-32.23fdc5965b1e05fc54e5f26ed3de66776b93de64",
        "@prisma/fetch-engine": "5.9.1",
        "@prisma/get-platform": "5.9.1"
      }
    },
    "@prisma/engines-version": {
      "version": "5.9.0-32.23fdc5965b1e05fc54e5f26ed3de66776b93de64",
      "resolved": "https://registry.npmjs.org/@prisma/engines-version/-/engines-version-5.9.0-32.23fdc5965b1e05fc54e5f26ed3de66776b93de64.tgz",
      "integrity": "sha512-HFl7275yF0FWbdcNvcSRbbu9JCBSLMcurYwvWc8WGDnpu7APxQo2ONtZrUggU3WxLxUJ2uBX+0GOFIcJeVeOOQ==",
      "devOptional": true
    },
    "@prisma/fetch-engine": {
      "version": "5.9.1",
      "resolved": "https://registry.npmjs.org/@prisma/fetch-engine/-/fetch-engine-5.9.1.tgz",
      "integrity": "sha512-l0goQOMcNVOJs1kAcwqpKq3ylvkD9F04Ioe1oJoCqmz05mw22bNAKKGWuDd3zTUoUZr97va0c/UfLNru+PDmNA==",
      "devOptional": true,
      "requires": {
        "@prisma/debug": "5.9.1",
        "@prisma/engines-version": "5.9.0-32.23fdc5965b1e05fc54e5f26ed3de66776b93de64",
        "@prisma/get-platform": "5.9.1"
      }
    },
    "@prisma/get-platform": {
      "version": "5.9.1",
      "resolved": "https://registry.npmjs.org/@prisma/get-platform/-/get-platform-5.9.1.tgz",
      "integrity": "sha512-6OQsNxTyhvG+T2Ksr8FPFpuPeL4r9u0JF0OZHUBI/Uy9SS43sPyAIutt4ZEAyqWQt104ERh70EZedkHZKsnNbg==",
      "devOptional": true,
      "requires": {
        "@prisma/debug": "5.9.1"
      }
    },
    "prisma": {
      "version": "5.9.1",
      "resolved": "https://registry.npmjs.org/prisma/-/prisma-5.9.1.tgz",
      "integrity": "sha512-Hy/8KJZz0ELtkw4FnG9MS9rNWlXcJhf98Z2QMqi0QiVMoS8PzsBkpla0/Y5hTlob8F3HeECYphBjqmBxrluUrQ==",
      "devOptional": true,
      "requires": {
        "@prisma/engines": "5.9.1"
      }
    }
  }
}
